<?xml version="1.0" encoding="utf-8"?>
<Project ToolsVersion="4.0" xmlns="http://schemas.microsoft.com/developer/msbuild/2003">
  <ItemGroup>
    <Filter Include="Source Files">
      <UniqueIdentifier>{4FC737F1-C7A5-4376-A066-2A32D752A2FF}</UniqueIdentifier>
      <Extensions>cpp;c;cc;cxx;def;odl;idl;hpj;bat;asm;asmx</Extensions>
    </Filter>
    <Filter Include="Header Files">
      <UniqueIdentifier>{93995380-89BD-4b04-88EB-625FBE52EBFB}</UniqueIdentifier>
      <Extensions>h;hh;hpp;hxx;hm;inl;inc;xsd</Extensions>
    </Filter>
    <Filter Include="Resource Files">
      <UniqueIdentifier>{67DA6AB6-F800-4c08-8B7A-83BB121AAD01}</UniqueIdentifier>
      <Extensions>rc;ico;cur;bmp;dlg;rc2;rct;bin;rgs;gif;jpg;jpeg;jpe;resx;tiff;tif;png;wav;mfcribbon-ms</Extensions>
    </Filter>
    <Filter Include="Vendors">
      <UniqueIdentifier>{a95858e5-1cec-4937-a024-ec4dd41be5a2}</UniqueIdentifier>
    </Filter>
    <Filter Include="Vendors\Duktape">
      <UniqueIdentifier>{deac1939-7408-4a0f-8da0-3262069a7eb2}</UniqueIdentifier>
    </Filter>
    <Filter Include="JS Libraries">
      <UniqueIdentifier>{6416d91d-df45-4d76-b3a6-6d9ec1dd350e}</UniqueIdentifier>
    </Filter>
    <Filter Include="Vendors\LZMA">
      <UniqueIdentifier>{917b1389-82f0-4a2e-a849-650f9f81341a}</UniqueIdentifier>
    </Filter>
    <Filter Include="Vendors\StackWalker">
      <UniqueIdentifier>{8413df84-dc7e-4655-ba7b-5c3b2099de9b}</UniqueIdentifier>
    </Filter>
    <Filter Include="Vendors\libuv">
      <UniqueIdentifier>{9ec807f1-ac54-4151-8fd8-0b361dffbc33}</UniqueIdentifier>
    </Filter>
    <Filter Include="Vendors\libuv\win">
      <UniqueIdentifier>{e4757db1-cf9b-40c8-a380-7179034372fb}</UniqueIdentifier>
    </Filter>
  </ItemGroup>
  <ItemGroup>
    <ClInclude Include="stdafx.h">
      <Filter>Header Files</Filter>
    </ClInclude>
    <ClInclude Include="targetver.h">
      <Filter>Header Files</Filter>
    </ClInclude>
    <ClInclude Include="Resource.h">
      <Filter>Header Files</Filter>
    </ClInclude>
    <ClInclude Include="NekoScript.h">
      <Filter>Header Files</Filter>
    </ClInclude>
    <ClInclude Include="vendors\duktape\duk_config.h">
      <Filter>Vendors\Duktape</Filter>
    </ClInclude>
    <ClInclude Include="NKWinTaskDialog.h">
      <Filter>Header Files</Filter>
    </ClInclude>
    <ClInclude Include="Helper.h">
      <Filter>Header Files</Filter>
    </ClInclude>
    <ClInclude Include="JSClass.h">
      <Filter>Header Files</Filter>
    </ClInclude>
    <ClInclude Include="JSEventEmitter.h">
      <Filter>Header Files</Filter>
    </ClInclude>
    <ClInclude Include="JSFileSystem.h">
      <Filter>Header Files</Filter>
    </ClInclude>
    <ClInclude Include="JSProcess.h">
      <Filter>Header Files</Filter>
    </ClInclude>
    <ClInclude Include="JSEngineExtra.h">
      <Filter>Header Files</Filter>
    </ClInclude>
    <ClInclude Include="NKWinAPI.h">
      <Filter>Header Files</Filter>
    </ClInclude>
    <ClInclude Include="vendors\StackWalker\StackWalker.h">
      <Filter>Vendors\StackWalker</Filter>
    </ClInclude>
    <ClInclude Include="ExceptionHandler.h">
      <Filter>Header Files</Filter>
    </ClInclude>
    <ClInclude Include="NKWinVersionInfo.h">
      <Filter>Header Files</Filter>
    </ClInclude>
    <ClInclude Include="NekoContext.h">
      <Filter>Header Files</Filter>
    </ClInclude>
  </ItemGroup>
  <ItemGroup>
    <ClCompile Include="stdafx.cpp">
      <Filter>Source Files</Filter>
    </ClCompile>
    <ClCompile Include="NekoScript.cpp">
      <Filter>Source Files</Filter>
    </ClCompile>
    <ClCompile Include="NKWinTaskDialog.cpp">
      <Filter>Source Files</Filter>
    </ClCompile>
    <ClCompile Include="Helper.cpp">
      <Filter>Source Files</Filter>
    </ClCompile>
    <ClCompile Include="JSClass.cpp">
      <Filter>Source Files</Filter>
    </ClCompile>
    <ClCompile Include="JSEventEmitter.cpp">
      <Filter>Source Files</Filter>
    </ClCompile>
    <ClCompile Include="vendors\lzma\CPP\Common\CommandLineParser.cpp">
      <Filter>Vendors\LZMA</Filter>
    </ClCompile>
    <ClCompile Include="vendors\lzma\CPP\Common\MyString.cpp">
      <Filter>Vendors\LZMA</Filter>
    </ClCompile>
    <ClCompile Include="vendors\lzma\CPP\Common\MyVector.cpp">
      <Filter>Vendors\LZMA</Filter>
    </ClCompile>
    <ClCompile Include="vendors\lzma\CPP\Common\StringConvert.cpp">
      <Filter>Vendors\LZMA</Filter>
    </ClCompile>
    <ClCompile Include="vendors\lzma\CPP\Common\MyWindows.cpp">
      <Filter>Vendors\LZMA</Filter>
    </ClCompile>
    <ClCompile Include="JSFileSystem.cpp">
      <Filter>Source Files</Filter>
    </ClCompile>
    <ClCompile Include="JSProcess.cpp">
      <Filter>Source Files</Filter>
    </ClCompile>
    <ClCompile Include="Resource.cpp">
      <Filter>Source Files</Filter>
    </ClCompile>
    <ClCompile Include="JSEngineExtra.cpp">
      <Filter>Source Files</Filter>
    </ClCompile>
    <ClCompile Include="NKWinAPI.cpp">
      <Filter>Source Files</Filter>
    </ClCompile>
    <ClCompile Include="vendors\StackWalker\StackWalker.cpp">
      <Filter>Vendors\StackWalker</Filter>
    </ClCompile>
    <ClCompile Include="ExceptionHandler.cpp">
      <Filter>Source Files</Filter>
    </ClCompile>
    <ClCompile Include="vendors\duktape\duk_alloc_default.cpp">
      <Filter>Vendors\Duktape</Filter>
    </ClCompile>
    <ClCompile Include="vendors\duktape\duk_api_buffer.cpp">
      <Filter>Vendors\Duktape</Filter>
    </ClCompile>
    <ClCompile Include="vendors\duktape\duk_api_bytecode.cpp">
      <Filter>Vendors\Duktape</Filter>
    </ClCompile>
    <ClCompile Include="vendors\duktape\duk_api_call.cpp">
      <Filter>Vendors\Duktape</Filter>
    </ClCompile>
    <ClCompile Include="vendors\duktape\duk_api_codec.cpp">
      <Filter>Vendors\Duktape</Filter>
    </ClCompile>
    <ClCompile Include="vendors\duktape\duk_api_compile.cpp">
      <Filter>Vendors\Duktape</Filter>
    </ClCompile>
    <ClCompile Include="vendors\duktape\duk_api_debug.cpp">
      <Filter>Vendors\Duktape</Filter>
    </ClCompile>
    <ClCompile Include="vendors\duktape\duk_api_heap.cpp">
      <Filter>Vendors\Duktape</Filter>
    </ClCompile>
    <ClCompile Include="vendors\duktape\duk_api_logging.cpp">
      <Filter>Vendors\Duktape</Filter>
    </ClCompile>
    <ClCompile Include="vendors\duktape\duk_api_memory.cpp">
      <Filter>Vendors\Duktape</Filter>
    </ClCompile>
    <ClCompile Include="vendors\duktape\duk_api_object.cpp">
      <Filter>Vendors\Duktape</Filter>
    </ClCompile>
    <ClCompile Include="vendors\duktape\duk_api_stack.cpp">
      <Filter>Vendors\Duktape</Filter>
    </ClCompile>
    <ClCompile Include="vendors\duktape\duk_api_string.cpp">
      <Filter>Vendors\Duktape</Filter>
    </ClCompile>
    <ClCompile Include="vendors\duktape\duk_api_var.cpp">
      <Filter>Vendors\Duktape</Filter>
    </ClCompile>
    <ClCompile Include="vendors\duktape\duk_bi_array.cpp">
      <Filter>Vendors\Duktape</Filter>
    </ClCompile>
    <ClCompile Include="vendors\duktape\duk_bi_boolean.cpp">
      <Filter>Vendors\Duktape</Filter>
    </ClCompile>
    <ClCompile Include="vendors\duktape\duk_bi_buffer.cpp">
      <Filter>Vendors\Duktape</Filter>
    </ClCompile>
    <ClCompile Include="vendors\duktape\duk_bi_date.cpp">
      <Filter>Vendors\Duktape</Filter>
    </ClCompile>
    <ClCompile Include="vendors\duktape\duk_bi_date_unix.cpp">
      <Filter>Vendors\Duktape</Filter>
    </ClCompile>
    <ClCompile Include="vendors\duktape\duk_bi_date_windows.cpp">
      <Filter>Vendors\Duktape</Filter>
    </ClCompile>
    <ClCompile Include="vendors\duktape\duk_bi_duktape.cpp">
      <Filter>Vendors\Duktape</Filter>
    </ClCompile>
    <ClCompile Include="vendors\duktape\duk_bi_error.cpp">
      <Filter>Vendors\Duktape</Filter>
    </ClCompile>
    <ClCompile Include="vendors\duktape\duk_bi_function.cpp">
      <Filter>Vendors\Duktape</Filter>
    </ClCompile>
    <ClCompile Include="vendors\duktape\duk_bi_global.cpp">
      <Filter>Vendors\Duktape</Filter>
    </ClCompile>
    <ClCompile Include="vendors\duktape\duk_bi_json.cpp">
      <Filter>Vendors\Duktape</Filter>
    </ClCompile>
    <ClCompile Include="vendors\duktape\duk_bi_logger.cpp">
      <Filter>Vendors\Duktape</Filter>
    </ClCompile>
    <ClCompile Include="vendors\duktape\duk_bi_math.cpp">
      <Filter>Vendors\Duktape</Filter>
    </ClCompile>
    <ClCompile Include="vendors\duktape\duk_bi_number.cpp">
      <Filter>Vendors\Duktape</Filter>
    </ClCompile>
    <ClCompile Include="vendors\duktape\duk_bi_object.cpp">
      <Filter>Vendors\Duktape</Filter>
    </ClCompile>
    <ClCompile Include="vendors\duktape\duk_bi_pointer.cpp">
      <Filter>Vendors\Duktape</Filter>
    </ClCompile>
    <ClCompile Include="vendors\duktape\duk_bi_proxy.cpp">
      <Filter>Vendors\Duktape</Filter>
    </ClCompile>
    <ClCompile Include="vendors\duktape\duk_bi_regexp.cpp">
      <Filter>Vendors\Duktape</Filter>
    </ClCompile>
    <ClCompile Include="vendors\duktape\duk_bi_string.cpp">
      <Filter>Vendors\Duktape</Filter>
    </ClCompile>
    <ClCompile Include="vendors\duktape\duk_bi_thread.cpp">
      <Filter>Vendors\Duktape</Filter>
    </ClCompile>
    <ClCompile Include="vendors\duktape\duk_bi_thrower.cpp">
      <Filter>Vendors\Duktape</Filter>
    </ClCompile>
    <ClCompile Include="vendors\duktape\duk_builtins.cpp">
      <Filter>Vendors\Duktape</Filter>
    </ClCompile>
    <ClCompile Include="vendors\duktape\duk_debug_fixedbuffer.cpp">
      <Filter>Vendors\Duktape</Filter>
    </ClCompile>
    <ClCompile Include="vendors\duktape\duk_debug_heap.cpp">
      <Filter>Vendors\Duktape</Filter>
    </ClCompile>
    <ClCompile Include="vendors\duktape\duk_debug_macros.cpp">
      <Filter>Vendors\Duktape</Filter>
    </ClCompile>
    <ClCompile Include="vendors\duktape\duk_debug_vsnprintf.cpp">
      <Filter>Vendors\Duktape</Filter>
    </ClCompile>
    <ClCompile Include="vendors\duktape\duk_debugger.cpp">
      <Filter>Vendors\Duktape</Filter>
    </ClCompile>
    <ClCompile Include="vendors\duktape\duk_error_augment.cpp">
      <Filter>Vendors\Duktape</Filter>
    </ClCompile>
    <ClCompile Include="vendors\duktape\duk_error_longjmp.cpp">
      <Filter>Vendors\Duktape</Filter>
    </ClCompile>
    <ClCompile Include="vendors\duktape\duk_error_macros.cpp">
      <Filter>Vendors\Duktape</Filter>
    </ClCompile>
    <ClCompile Include="vendors\duktape\duk_error_misc.cpp">
      <Filter>Vendors\Duktape</Filter>
    </ClCompile>
    <ClCompile Include="vendors\duktape\duk_error_throw.cpp">
      <Filter>Vendors\Duktape</Filter>
    </ClCompile>
    <ClCompile Include="vendors\duktape\duk_hbuffer_alloc.cpp">
      <Filter>Vendors\Duktape</Filter>
    </ClCompile>
    <ClCompile Include="vendors\duktape\duk_hbuffer_ops.cpp">
      <Filter>Vendors\Duktape</Filter>
    </ClCompile>
    <ClCompile Include="vendors\duktape\duk_hbufferobject_misc.cpp">
      <Filter>Vendors\Duktape</Filter>
    </ClCompile>
    <ClCompile Include="vendors\duktape\duk_heap_alloc.cpp">
      <Filter>Vendors\Duktape</Filter>
    </ClCompile>
    <ClCompile Include="vendors\duktape\duk_heap_hashstring.cpp">
      <Filter>Vendors\Duktape</Filter>
    </ClCompile>
    <ClCompile Include="vendors\duktape\duk_heap_markandsweep.cpp">
      <Filter>Vendors\Duktape</Filter>
    </ClCompile>
    <ClCompile Include="vendors\duktape\duk_heap_memory.cpp">
      <Filter>Vendors\Duktape</Filter>
    </ClCompile>
    <ClCompile Include="vendors\duktape\duk_heap_misc.cpp">
      <Filter>Vendors\Duktape</Filter>
    </ClCompile>
    <ClCompile Include="vendors\duktape\duk_heap_refcount.cpp">
      <Filter>Vendors\Duktape</Filter>
    </ClCompile>
    <ClCompile Include="vendors\duktape\duk_heap_stringcache.cpp">
      <Filter>Vendors\Duktape</Filter>
    </ClCompile>
    <ClCompile Include="vendors\duktape\duk_heap_stringtable.cpp">
      <Filter>Vendors\Duktape</Filter>
    </ClCompile>
    <ClCompile Include="vendors\duktape\duk_hobject_class.cpp">
      <Filter>Vendors\Duktape</Filter>
    </ClCompile>
    <ClCompile Include="vendors\duktape\duk_hobject_enum.cpp">
      <Filter>Vendors\Duktape</Filter>
    </ClCompile>
    <ClCompile Include="vendors\duktape\duk_hobject_finalizer.cpp">
      <Filter>Vendors\Duktape</Filter>
    </ClCompile>
    <ClCompile Include="vendors\duktape\duk_hobject_misc.cpp">
      <Filter>Vendors\Duktape</Filter>
    </ClCompile>
    <ClCompile Include="vendors\duktape\duk_hobject_pc2line.cpp">
      <Filter>Vendors\Duktape</Filter>
    </ClCompile>
    <ClCompile Include="vendors\duktape\duk_hobject_props.cpp">
      <Filter>Vendors\Duktape</Filter>
    </ClCompile>
    <ClCompile Include="vendors\duktape\duk_hstring_misc.cpp">
      <Filter>Vendors\Duktape</Filter>
    </ClCompile>
    <ClCompile Include="vendors\duktape\duk_hthread_alloc.cpp">
      <Filter>Vendors\Duktape</Filter>
    </ClCompile>
    <ClCompile Include="vendors\duktape\duk_hthread_builtins.cpp">
      <Filter>Vendors\Duktape</Filter>
    </ClCompile>
    <ClCompile Include="vendors\duktape\duk_hthread_misc.cpp">
      <Filter>Vendors\Duktape</Filter>
    </ClCompile>
    <ClCompile Include="vendors\duktape\duk_hthread_stacks.cpp">
      <Filter>Vendors\Duktape</Filter>
    </ClCompile>
    <ClCompile Include="vendors\duktape\duk_js_call.cpp">
      <Filter>Vendors\Duktape</Filter>
    </ClCompile>
    <ClCompile Include="vendors\duktape\duk_js_compiler.cpp">
      <Filter>Vendors\Duktape</Filter>
    </ClCompile>
    <ClCompile Include="vendors\duktape\duk_js_executor.cpp">
      <Filter>Vendors\Duktape</Filter>
    </ClCompile>
    <ClCompile Include="vendors\duktape\duk_js_ops.cpp">
      <Filter>Vendors\Duktape</Filter>
    </ClCompile>
    <ClCompile Include="vendors\duktape\duk_js_var.cpp">
      <Filter>Vendors\Duktape</Filter>
    </ClCompile>
    <ClCompile Include="vendors\duktape\duk_lexer.cpp">
      <Filter>Vendors\Duktape</Filter>
    </ClCompile>
    <ClCompile Include="vendors\duktape\duk_numconv.cpp">
      <Filter>Vendors\Duktape</Filter>
    </ClCompile>
    <ClCompile Include="vendors\duktape\duk_regexp_compiler.cpp">
      <Filter>Vendors\Duktape</Filter>
    </ClCompile>
    <ClCompile Include="vendors\duktape\duk_regexp_executor.cpp">
      <Filter>Vendors\Duktape</Filter>
    </ClCompile>
    <ClCompile Include="vendors\duktape\duk_replacements.cpp">
      <Filter>Vendors\Duktape</Filter>
    </ClCompile>
    <ClCompile Include="vendors\duktape\duk_selftest.cpp">
      <Filter>Vendors\Duktape</Filter>
    </ClCompile>
    <ClCompile Include="vendors\duktape\duk_strings.cpp">
      <Filter>Vendors\Duktape</Filter>
    </ClCompile>
    <ClCompile Include="vendors\duktape\duk_tval.cpp">
      <Filter>Vendors\Duktape</Filter>
    </ClCompile>
    <ClCompile Include="vendors\duktape\duk_unicode_support.cpp">
      <Filter>Vendors\Duktape</Filter>
    </ClCompile>
    <ClCompile Include="vendors\duktape\duk_unicode_tables.cpp">
      <Filter>Vendors\Duktape</Filter>
    </ClCompile>
    <ClCompile Include="vendors\duktape\duk_util_bitdecoder.cpp">
      <Filter>Vendors\Duktape</Filter>
    </ClCompile>
    <ClCompile Include="vendors\duktape\duk_util_bitencoder.cpp">
      <Filter>Vendors\Duktape</Filter>
    </ClCompile>
    <ClCompile Include="vendors\duktape\duk_util_bufwriter.cpp">
      <Filter>Vendors\Duktape</Filter>
    </ClCompile>
    <ClCompile Include="vendors\duktape\duk_util_hashbytes.cpp">
      <Filter>Vendors\Duktape</Filter>
    </ClCompile>
    <ClCompile Include="vendors\duktape\duk_util_hashprime.cpp">
      <Filter>Vendors\Duktape</Filter>
    </ClCompile>
    <ClCompile Include="vendors\duktape\duk_util_misc.cpp">
      <Filter>Vendors\Duktape</Filter>
    </ClCompile>
    <ClCompile Include="vendors\duktape\duk_util_tinyrandom.cpp">
      <Filter>Vendors\Duktape</Filter>
    </ClCompile>
    <ClCompile Include="NKWinVersionInfo.cpp">
      <Filter>Source Files</Filter>
    </ClCompile>
    <ClCompile Include="vendors\libuv\src\fs-poll.c">
      <Filter>Vendors\libuv</Filter>
    </ClCompile>
    <ClCompile Include="vendors\libuv\src\inet.c">
      <Filter>Vendors\libuv</Filter>
    </ClCompile>
    <ClCompile Include="vendors\libuv\src\threadpool.c">
      <Filter>Vendors\libuv</Filter>
    </ClCompile>
    <ClCompile Include="vendors\libuv\src\uv-common.c">
      <Filter>Vendors\libuv</Filter>
    </ClCompile>
    <ClCompile Include="vendors\libuv\src\version.c">
      <Filter>Vendors\libuv</Filter>
    </ClCompile>
    <ClCompile Include="vendors\libuv\src\win\async.c">
      <Filter>Vendors\libuv\win</Filter>
    </ClCompile>
    <ClCompile Include="vendors\libuv\src\win\core.c">
      <Filter>Vendors\libuv\win</Filter>
    </ClCompile>
    <ClCompile Include="vendors\libuv\src\win\dl.c">
      <Filter>Vendors\libuv\win</Filter>
    </ClCompile>
    <ClCompile Include="vendors\libuv\src\win\error.c">
      <Filter>Vendors\libuv\win</Filter>
    </ClCompile>
    <ClCompile Include="vendors\libuv\src\win\fs.c">
      <Filter>Vendors\libuv\win</Filter>
    </ClCompile>
    <ClCompile Include="vendors\libuv\src\win\fs-event.c">
      <Filter>Vendors\libuv\win</Filter>
    </ClCompile>
    <ClCompile Include="vendors\libuv\src\win\getaddrinfo.c">
      <Filter>Vendors\libuv\win</Filter>
    </ClCompile>
    <ClCompile Include="vendors\libuv\src\win\getnameinfo.c">
      <Filter>Vendors\libuv\win</Filter>
    </ClCompile>
    <ClCompile Include="vendors\libuv\src\win\handle.c">
      <Filter>Vendors\libuv\win</Filter>
    </ClCompile>
    <ClCompile Include="vendors\libuv\src\win\loop-watcher.c">
      <Filter>Vendors\libuv\win</Filter>
    </ClCompile>
    <ClCompile Include="vendors\libuv\src\win\pipe.c">
      <Filter>Vendors\libuv\win</Filter>
    </ClCompile>
    <ClCompile Include="vendors\libuv\src\win\poll.c">
      <Filter>Vendors\libuv\win</Filter>
    </ClCompile>
    <ClCompile Include="vendors\libuv\src\win\process.c">
      <Filter>Vendors\libuv\win</Filter>
    </ClCompile>
    <ClCompile Include="vendors\libuv\src\win\process-stdio.c">
      <Filter>Vendors\libuv\win</Filter>
    </ClCompile>
    <ClCompile Include="vendors\libuv\src\win\req.c">
      <Filter>Vendors\libuv\win</Filter>
    </ClCompile>
    <ClCompile Include="vendors\libuv\src\win\signal.c">
      <Filter>Vendors\libuv\win</Filter>
    </ClCompile>
    <ClCompile Include="vendors\libuv\src\win\snprintf.c">
      <Filter>Vendors\libuv\win</Filter>
    </ClCompile>
    <ClCompile Include="vendors\libuv\src\win\stream.c">
      <Filter>Vendors\libuv\win</Filter>
    </ClCompile>
    <ClCompile Include="vendors\libuv\src\win\tcp.c">
      <Filter>Vendors\libuv\win</Filter>
    </ClCompile>
    <ClCompile Include="vendors\libuv\src\win\thread.c">
      <Filter>Vendors\libuv\win</Filter>
    </ClCompile>
    <ClCompile Include="vendors\libuv\src\win\timer.c">
      <Filter>Vendors\libuv\win</Filter>
    </ClCompile>
    <ClCompile Include="vendors\libuv\src\win\tty.c">
      <Filter>Vendors\libuv\win</Filter>
    </ClCompile>
    <ClCompile Include="vendors\libuv\src\win\udp.c">
      <Filter>Vendors\libuv\win</Filter>
    </ClCompile>
    <ClCompile Include="vendors\libuv\src\win\util.c">
      <Filter>Vendors\libuv\win</Filter>
    </ClCompile>
    <ClCompile Include="vendors\libuv\src\win\winapi.c">
      <Filter>Vendors\libuv\win</Filter>
    </ClCompile>
    <ClCompile Include="vendors\libuv\src\win\winsock.c">
      <Filter>Vendors\libuv\win</Filter>
    </ClCompile>
    <ClCompile Include="NekoContext.cpp">
      <Filter>Source Files</Filter>
    </ClCompile>
    <ClCompile Include="vendors\duktape\duk_hobject_alloc.neko.cpp">
      <Filter>Vendors\Duktape</Filter>
    </ClCompile>
  </ItemGroup>
  <ItemGroup>
    <ResourceCompile Include="NekoScript.rc">
      <Filter>Resource Files</Filter>
    </ResourceCompile>
  </ItemGroup>
  <ItemGroup>
    <Image Include="small.ico">
      <Filter>Resource Files</Filter>
    </Image>
    <Image Include="NekoScript.ico">
      <Filter>Resource Files</Filter>
    </Image>
  </ItemGroup>
  <ItemGroup>
    <None Include="lib\init_EventEmitter.js">
      <Filter>JS Libraries</Filter>
    </None>
  </ItemGroup>
  <ItemGroup>
    <CustomBuild Include="GenerateResources.neko.js" />
  </ItemGroup>
</Project>